# THIS IS AN AUTOGENERATED FILE. DO NOT EDIT THIS FILE DIRECTLY.
# yarn lockfile v1


react-router-modal@^1.5.2:
  version "1.5.2"
  resolved "https://registry.yarnpkg.com/react-router-modal/-/react-router-modal-1.5.2.tgz#64fa736b0457339415785e086cf3498d5bf61536"
  integrity sha512-q1a0KJaDI7pJbmMZV/bJYcr2BqsePOAyCgCl8xN7t5IA+3LFQyqFJwvLrMvmPnsjVKR0vaUSrqgObOslgpxs7A==
